
Microsoft Visual Studio Solution File, Format Version 12.00
# Visual Studio 14
VisualStudioVersion = 14.0.25123.0
MinimumVisualStudioVersion = 10.0.40219.1
Project("{FAE04EC0-301F-11D3-BF4B-00C04F79EFBC}") = "Janitor.Vsix", "Janitor.Vsix\Janitor.Vsix.csproj", "{6FF9C964-09F7-48C3-9327-73C091CAA26B}"
EndProject
Project("{FAE04EC0-301F-11D3-BF4B-00C04F79EFBC}") = "Janitor.ProofOfConcept", "Janitor.ProofOfConcept\Janitor.ProofOfConcept.csproj", "{EDDECC5C-98AB-41BD-B702-AD91D739AFCC}"
EndProject
Project("{2150E333-8FDC-42A3-9474-1A3956D46DE8}") = "Solution Items", "Solution Items", "{D9869600-8DFB-4985-94C2-27C4A077AACE}"
	ProjectSection(SolutionItems) = preProject
		icon.png = icon.png
		LICENSE.txt = LICENSE.txt
		README.md = README.md
	EndProjectSection
EndProject
Project("{FAE04EC0-301F-11D3-BF4B-00C04F79EFBC}") = "Janitor", "Janitor\Janitor.csproj", "{0F621408-170C-493A-8D1C-D0DFBB90600A}"
EndProject
Project("{FAE04EC0-301F-11D3-BF4B-00C04F79EFBC}") = "Janitor.BusinessLogic", "Janitor.BusinessLogic\Janitor.BusinessLogic.csproj", "{300423BD-F88E-4EA5-9E69-84EC4FBBA294}"
EndProject
Global
	GlobalSection(SolutionConfigurationPlatforms) = preSolution
		Debug|Any CPU = Debug|Any CPU
		Debug|x86 = Debug|x86
		Release|Any CPU = Release|Any CPU
		Release|x86 = Release|x86
	EndGlobalSection
	GlobalSection(ProjectConfigurationPlatforms) = postSolution
		{6FF9C964-09F7-48C3-9327-73C091CAA26B}.Debug|Any CPU.ActiveCfg = Debug|Any CPU
		{6FF9C964-09F7-48C3-9327-73C091CAA26B}.Debug|Any CPU.Build.0 = Debug|Any CPU
		{6FF9C964-09F7-48C3-9327-73C091CAA26B}.Debug|x86.ActiveCfg = Debug|Any CPU
		{6FF9C964-09F7-48C3-9327-73C091CAA26B}.Debug|x86.Build.0 = Debug|Any CPU
		{6FF9C964-09F7-48C3-9327-73C091CAA26B}.Release|Any CPU.ActiveCfg = Release|Any CPU
		{6FF9C964-09F7-48C3-9327-73C091CAA26B}.Release|Any CPU.Build.0 = Release|Any CPU
		{6FF9C964-09F7-48C3-9327-73C091CAA26B}.Release|x86.ActiveCfg = Release|Any CPU
		{6FF9C964-09F7-48C3-9327-73C091CAA26B}.Release|x86.Build.0 = Release|Any CPU
		{EDDECC5C-98AB-41BD-B702-AD91D739AFCC}.Debug|Any CPU.ActiveCfg = Debug|x86
		{EDDECC5C-98AB-41BD-B702-AD91D739AFCC}.Debug|Any CPU.Build.0 = Debug|x86
		{EDDECC5C-98AB-41BD-B702-AD91D739AFCC}.Debug|x86.ActiveCfg = Debug|x86
		{EDDECC5C-98AB-41BD-B702-AD91D739AFCC}.Debug|x86.Build.0 = Debug|x86
		{EDDECC5C-98AB-41BD-B702-AD91D739AFCC}.Release|Any CPU.ActiveCfg = Release|x86
		{EDDECC5C-98AB-41BD-B702-AD91D739AFCC}.Release|x86.ActiveCfg = Release|x86
		{EDDECC5C-98AB-41BD-B702-AD91D739AFCC}.Release|x86.Build.0 = Release|x86
		{0F621408-170C-493A-8D1C-D0DFBB90600A}.Debug|Any CPU.ActiveCfg = Debug|Any CPU
		{0F621408-170C-493A-8D1C-D0DFBB90600A}.Debug|Any CPU.Build.0 = Debug|Any CPU
		{0F621408-170C-493A-8D1C-D0DFBB90600A}.Debug|x86.ActiveCfg = Debug|Any CPU
		{0F621408-170C-493A-8D1C-D0DFBB90600A}.Debug|x86.Build.0 = Debug|Any CPU
		{0F621408-170C-493A-8D1C-D0DFBB90600A}.Release|Any CPU.ActiveCfg = Release|Any CPU
		{0F621408-170C-493A-8D1C-D0DFBB90600A}.Release|Any CPU.Build.0 = Release|Any CPU
		{0F621408-170C-493A-8D1C-D0DFBB90600A}.Release|x86.ActiveCfg = Release|Any CPU
		{0F621408-170C-493A-8D1C-D0DFBB90600A}.Release|x86.Build.0 = Release|Any CPU
		{300423BD-F88E-4EA5-9E69-84EC4FBBA294}.Debug|Any CPU.ActiveCfg = Debug|Any CPU
		{300423BD-F88E-4EA5-9E69-84EC4FBBA294}.Debug|Any CPU.Build.0 = Debug|Any CPU
		{300423BD-F88E-4EA5-9E69-84EC4FBBA294}.Debug|x86.ActiveCfg = Debug|Any CPU
		{300423BD-F88E-4EA5-9E69-84EC4FBBA294}.Debug|x86.Build.0 = Debug|Any CPU
		{300423BD-F88E-4EA5-9E69-84EC4FBBA294}.Release|Any CPU.ActiveCfg = Release|Any CPU
		{300423BD-F88E-4EA5-9E69-84EC4FBBA294}.Release|Any CPU.Build.0 = Release|Any CPU
		{300423BD-F88E-4EA5-9E69-84EC4FBBA294}.Release|x86.ActiveCfg = Release|Any CPU
		{300423BD-F88E-4EA5-9E69-84EC4FBBA294}.Release|x86.Build.0 = Release|Any CPU
	EndGlobalSection
	GlobalSection(SolutionProperties) = preSolution
		HideSolutionNode = FALSE
	EndGlobalSection
EndGlobal
